// !$*UTF8*$!
{
	archiveVersion = 1;
	classes = {
	};
	objectVersion = 56;
	objects = {

/* Begin PBXBuildFile section */
		5A8A56492CC5A26C00DD1C5F /* OnboardingView.swift in Sources */ = {isa = PBXBuildFile; fileRef = 5A8A56482CC5A26C00DD1C5F /* OnboardingView.swift */; };
		5A8A564B2CC5A3A300DD1C5F /* SplashScreenView.swift in Sources */ = {isa = PBXBuildFile; fileRef = 5A8A564A2CC5A3A300DD1C5F /* SplashScreenView.swift */; };
		5A8A564D2CC5A42100DD1C5F /* SignInView.swift in Sources */ = {isa = PBXBuildFile; fileRef = 5A8A564C2CC5A42100DD1C5F /* SignInView.swift */; };
		5A8A56522CC5A46D00DD1C5F /* FavouriteView.swift in Sources */ = {isa = PBXBuildFile; fileRef = 5A8A56512CC5A46D00DD1C5F /* FavouriteView.swift */; };
		5A8A56542CC5A49E00DD1C5F /* AccountView.swift in Sources */ = {isa = PBXBuildFile; fileRef = 5A8A56532CC5A49E00DD1C5F /* AccountView.swift */; };
		5A8A56562CC5A4EB00DD1C5F /* CreateListView.swift in Sources */ = {isa = PBXBuildFile; fileRef = 5A8A56552CC5A4EB00DD1C5F /* CreateListView.swift */; };
		5A8A56582CC5A53C00DD1C5F /* ListView.swift in Sources */ = {isa = PBXBuildFile; fileRef = 5A8A56572CC5A53C00DD1C5F /* ListView.swift */; };
		5A8A566A2CC6E07300DD1C5F /* SDWebImageSwiftUI in Frameworks */ = {isa = PBXBuildFile; productRef = 5A8A56692CC6E07300DD1C5F /* SDWebImageSwiftUI */; };
		5A8A566C2CC6E48C00DD1C5F /* on1.gif in Resources */ = {isa = PBXBuildFile; fileRef = 5A8A566B2CC6E48C00DD1C5F /* on1.gif */; };
		5A8A566E2CC6E49200DD1C5F /* on2.gif in Resources */ = {isa = PBXBuildFile; fileRef = 5A8A566D2CC6E49200DD1C5F /* on2.gif */; };
		5A8A56702CC6F17E00DD1C5F /* ListsView.swift in Sources */ = {isa = PBXBuildFile; fileRef = 5A8A566F2CC6F17E00DD1C5F /* ListsView.swift */; };
		5A8A56722CC6F1C200DD1C5F /* MainTabView.swift in Sources */ = {isa = PBXBuildFile; fileRef = 5A8A56712CC6F1C200DD1C5F /* MainTabView.swift */; };
		5A8A56742CC7015500DD1C5F /* CardView.swift in Sources */ = {isa = PBXBuildFile; fileRef = 5A8A56732CC7015500DD1C5F /* CardView.swift */; };
		5AA31AE92CC877190092869F /* CustomTextField.swift in Sources */ = {isa = PBXBuildFile; fileRef = 5AA31AE82CC877190092869F /* CustomTextField.swift */; };
		A55C1BC72CC104A100F3F9C0 /* TurboListApp.swift in Sources */ = {isa = PBXBuildFile; fileRef = A55C1BC62CC104A100F3F9C0 /* TurboListApp.swift */; };
		A55C1BC92CC104A100F3F9C0 /* ContentView.swift in Sources */ = {isa = PBXBuildFile; fileRef = A55C1BC82CC104A100F3F9C0 /* ContentView.swift */; };
		A55C1BCB2CC104A200F3F9C0 /* Assets.xcassets in Resources */ = {isa = PBXBuildFile; fileRef = A55C1BCA2CC104A200F3F9C0 /* Assets.xcassets */; };
		A55C1BCE2CC104A200F3F9C0 /* Preview Assets.xcassets in Resources */ = {isa = PBXBuildFile; fileRef = A55C1BCD2CC104A200F3F9C0 /* Preview Assets.xcassets */; };
/* End PBXBuildFile section */

/* Begin PBXFileReference section */
		5A8A56482CC5A26C00DD1C5F /* OnboardingView.swift */ = {isa = PBXFileReference; lastKnownFileType = sourcecode.swift; path = OnboardingView.swift; sourceTree = "<group>"; };
		5A8A564A2CC5A3A300DD1C5F /* SplashScreenView.swift */ = {isa = PBXFileReference; lastKnownFileType = sourcecode.swift; path = SplashScreenView.swift; sourceTree = "<group>"; };
		5A8A564C2CC5A42100DD1C5F /* SignInView.swift */ = {isa = PBXFileReference; lastKnownFileType = sourcecode.swift; path = SignInView.swift; sourceTree = "<group>"; };
		5A8A56512CC5A46D00DD1C5F /* FavouriteView.swift */ = {isa = PBXFileReference; lastKnownFileType = sourcecode.swift; path = FavouriteView.swift; sourceTree = "<group>"; };
		5A8A56532CC5A49E00DD1C5F /* AccountView.swift */ = {isa = PBXFileReference; lastKnownFileType = sourcecode.swift; path = AccountView.swift; sourceTree = "<group>"; };
		5A8A56552CC5A4EB00DD1C5F /* CreateListView.swift */ = {isa = PBXFileReference; lastKnownFileType = sourcecode.swift; path = CreateListView.swift; sourceTree = "<group>"; };
		5A8A56572CC5A53C00DD1C5F /* ListView.swift */ = {isa = PBXFileReference; lastKnownFileType = sourcecode.swift; path = ListView.swift; sourceTree = "<group>"; };
		5A8A566B2CC6E48C00DD1C5F /* on1.gif */ = {isa = PBXFileReference; lastKnownFileType = image.gif; path = on1.gif; sourceTree = "<group>"; };
		5A8A566D2CC6E49200DD1C5F /* on2.gif */ = {isa = PBXFileReference; lastKnownFileType = image.gif; path = on2.gif; sourceTree = "<group>"; };
		5A8A566F2CC6F17E00DD1C5F /* ListsView.swift */ = {isa = PBXFileReference; lastKnownFileType = sourcecode.swift; path = ListsView.swift; sourceTree = "<group>"; };
		5A8A56712CC6F1C200DD1C5F /* MainTabView.swift */ = {isa = PBXFileReference; lastKnownFileType = sourcecode.swift; path = MainTabView.swift; sourceTree = "<group>"; };
		5A8A56732CC7015500DD1C5F /* CardView.swift */ = {isa = PBXFileReference; lastKnownFileType = sourcecode.swift; path = CardView.swift; sourceTree = "<group>"; };
		5AA31AE82CC877190092869F /* CustomTextField.swift */ = {isa = PBXFileReference; lastKnownFileType = sourcecode.swift; path = CustomTextField.swift; sourceTree = "<group>"; };
		A55C1BC32CC104A100F3F9C0 /* TurboList.app */ = {isa = PBXFileReference; explicitFileType = wrapper.application; includeInIndex = 0; path = TurboList.app; sourceTree = BUILT_PRODUCTS_DIR; };
		A55C1BC62CC104A100F3F9C0 /* TurboListApp.swift */ = {isa = PBXFileReference; lastKnownFileType = sourcecode.swift; path = TurboListApp.swift; sourceTree = "<group>"; };
		A55C1BC82CC104A100F3F9C0 /* ContentView.swift */ = {isa = PBXFileReference; lastKnownFileType = sourcecode.swift; path = ContentView.swift; sourceTree = "<group>"; };
		A55C1BCA2CC104A200F3F9C0 /* Assets.xcassets */ = {isa = PBXFileReference; lastKnownFileType = folder.assetcatalog; path = Assets.xcassets; sourceTree = "<group>"; };
		A55C1BCD2CC104A200F3F9C0 /* Preview Assets.xcassets */ = {isa = PBXFileReference; lastKnownFileType = folder.assetcatalog; path = "Preview Assets.xcassets"; sourceTree = "<group>"; };
/* End PBXFileReference section */

/* Begin PBXFrameworksBuildPhase section */
		A55C1BC02CC104A100F3F9C0 /* Frameworks */ = {
			isa = PBXFrameworksBuildPhase;
			buildActionMask = 2147483647;
			files = (
				5A8A566A2CC6E07300DD1C5F /* SDWebImageSwiftUI in Frameworks */,
			);
			runOnlyForDeploymentPostprocessing = 0;
		};
/* End PBXFrameworksBuildPhase section */

/* Begin PBXGroup section */
		5A8A56472CC59FDC00DD1C5F /* Views */ = {
			isa = PBXGroup;
			children = (
				5A8A564A2CC5A3A300DD1C5F /* SplashScreenView.swift */,
				5A8A56482CC5A26C00DD1C5F /* OnboardingView.swift */,
				5A8A564C2CC5A42100DD1C5F /* SignInView.swift */,
				5A8A56712CC6F1C200DD1C5F /* MainTabView.swift */,
				5A8A566F2CC6F17E00DD1C5F /* ListsView.swift */,
				5A8A56512CC5A46D00DD1C5F /* FavouriteView.swift */,
				5A8A56532CC5A49E00DD1C5F /* AccountView.swift */,
				5A8A56552CC5A4EB00DD1C5F /* CreateListView.swift */,
				5A8A56572CC5A53C00DD1C5F /* ListView.swift */,
				5A8A56732CC7015500DD1C5F /* CardView.swift */,
				5AA31AE82CC877190092869F /* CustomTextField.swift */,
			);
			path = Views;
			sourceTree = "<group>";
		};
		A55C1BBA2CC104A100F3F9C0 = {
			isa = PBXGroup;
			children = (
				A55C1BC52CC104A100F3F9C0 /* TurboList */,
				A55C1BC42CC104A100F3F9C0 /* Products */,
			);
			sourceTree = "<group>";
		};
		A55C1BC42CC104A100F3F9C0 /* Products */ = {
			isa = PBXGroup;
			children = (
				A55C1BC32CC104A100F3F9C0 /* TurboList.app */,
			);
			name = Products;
			sourceTree = "<group>";
		};
		A55C1BC52CC104A100F3F9C0 /* TurboList */ = {
			isa = PBXGroup;
			children = (
				A55C1BC62CC104A100F3F9C0 /* TurboListApp.swift */,
				A55C1BC82CC104A100F3F9C0 /* ContentView.swift */,
				5A8A56472CC59FDC00DD1C5F /* Views */,
				A55C1BCA2CC104A200F3F9C0 /* Assets.xcassets */,
				5A8A566B2CC6E48C00DD1C5F /* on1.gif */,
				5A8A566D2CC6E49200DD1C5F /* on2.gif */,
				A55C1BCC2CC104A200F3F9C0 /* Preview Content */,
			);
			path = TurboList;
			sourceTree = "<group>";
		};
		A55C1BCC2CC104A200F3F9C0 /* Preview Content */ = {
			isa = PBXGroup;
			children = (
				A55C1BCD2CC104A200F3F9C0 /* Preview Assets.xcassets */,
			);
			path = "Preview Content";
			sourceTree = "<group>";
		};
/* End PBXGroup section */

/* Begin PBXNativeTarget section */
		A55C1BC22CC104A100F3F9C0 /* TurboList */ = {
			isa = PBXNativeTarget;
			buildConfigurationList = A55C1BD12CC104A200F3F9C0 /* Build configuration list for PBXNativeTarget "TurboList" */;
			buildPhases = (
				A55C1BBF2CC104A100F3F9C0 /* Sources */,
				A55C1BC02CC104A100F3F9C0 /* Frameworks */,
				A55C1BC12CC104A100F3F9C0 /* Resources */,
			);
			buildRules = (
			);
			dependencies = (
			);
			name = TurboList;
			packageProductDependencies = (
				5A8A56692CC6E07300DD1C5F /* SDWebImageSwiftUI */,
			);
			productName = TurboList;
			productReference = A55C1BC32CC104A100F3F9C0 /* TurboList.app */;
			productType = "com.apple.product-type.application";
		};
/* End PBXNativeTarget section */

/* Begin PBXProject section */
		A55C1BBB2CC104A100F3F9C0 /* Project object */ = {
			isa = PBXProject;
			attributes = {
				BuildIndependentTargetsInParallel = 1;
				LastSwiftUpdateCheck = 1540;
				LastUpgradeCheck = 1540;
				TargetAttributes = {
					A55C1BC22CC104A100F3F9C0 = {
						CreatedOnToolsVersion = 15.4;
					};
				};
			};
			buildConfigurationList = A55C1BBE2CC104A100F3F9C0 /* Build configuration list for PBXProject "TurboList" */;
			compatibilityVersion = "Xcode 14.0";
			developmentRegion = en;
			hasScannedForEncodings = 0;
			knownRegions = (
				en,
				Base,
			);
			mainGroup = A55C1BBA2CC104A100F3F9C0;
			packageReferences = (
				5A8A56682CC6E07300DD1C5F /* XCRemoteSwiftPackageReference "SDWebImageSwiftUI" */,
			);
			productRefGroup = A55C1BC42CC104A100F3F9C0 /* Products */;
			projectDirPath = "";
			projectRoot = "";
			targets = (
				A55C1BC22CC104A100F3F9C0 /* TurboList */,
			);
		};
/* End PBXProject section */

/* Begin PBXResourcesBuildPhase section */
		A55C1BC12CC104A100F3F9C0 /* Resources */ = {
			isa = PBXResourcesBuildPhase;
			buildActionMask = 2147483647;
			files = (
				5A8A566C2CC6E48C00DD1C5F /* on1.gif in Resources */,
				A55C1BCE2CC104A200F3F9C0 /* Preview Assets.xcassets in Resources */,
				5A8A566E2CC6E49200DD1C5F /* on2.gif in Resources */,
				A55C1BCB2CC104A200F3F9C0 /* Assets.xcassets in Resources */,
			);
			runOnlyForDeploymentPostprocessing = 0;
		};
/* End PBXResourcesBuildPhase section */

/* Begin PBXSourcesBuildPhase section */
		A55C1BBF2CC104A100F3F9C0 /* Sources */ = {
			isa = PBXSourcesBuildPhase;
			buildActionMask = 2147483647;
			files = (
				5AA31AE92CC877190092869F /* CustomTextField.swift in Sources */,
				5A8A56492CC5A26C00DD1C5F /* OnboardingView.swift in Sources */,
				A55C1BC92CC104A100F3F9C0 /* ContentView.swift in Sources */,
				5A8A56582CC5A53C00DD1C5F /* ListView.swift in Sources */,
				A55C1BC72CC104A100F3F9C0 /* TurboListApp.swift in Sources */,
				5A8A56562CC5A4EB00DD1C5F /* CreateListView.swift in Sources */,
				5A8A56722CC6F1C200DD1C5F /* MainTabView.swift in Sources */,
				5A8A564B2CC5A3A300DD1C5F /* SplashScreenView.swift in Sources */,
				5A8A56702CC6F17E00DD1C5F /* ListsView.swift in Sources */,
				5A8A56542CC5A49E00DD1C5F /* AccountView.swift in Sources */,
				5A8A56522CC5A46D00DD1C5F /* FavouriteView.swift in Sources */,
				5A8A56742CC7015500DD1C5F /* CardView.swift in Sources */,
				5A8A564D2CC5A42100DD1C5F /* SignInView.swift in Sources */,
			);
			runOnlyForDeploymentPostprocessing = 0;
		};
/* End PBXSourcesBuildPhase section */

/* Begin XCBuildConfiguration section */
		A55C1BCF2CC104A200F3F9C0 /* Debug */ = {
			isa = XCBuildConfiguration;
			buildSettings = {
				ALWAYS_SEARCH_USER_PATHS = NO;
				ASSETCATALOG_COMPILER_GENERATE_SWIFT_ASSET_SYMBOL_EXTENSIONS = YES;
				CLANG_ANALYZER_NONNULL = YES;
				CLANG_ANALYZER_NUMBER_OBJECT_CONVERSION = YES_AGGRESSIVE;
				CLANG_CXX_LANGUAGE_STANDARD = "gnu++20";
				CLANG_ENABLE_MODULES = YES;
				CLANG_ENABLE_OBJC_ARC = YES;
				CLANG_ENABLE_OBJC_WEAK = YES;
				CLANG_WARN_BLOCK_CAPTURE_AUTORELEASING = YES;
				CLANG_WARN_BOOL_CONVERSION = YES;
				CLANG_WARN_COMMA = YES;
				CLANG_WARN_CONSTANT_CONVERSION = YES;
				CLANG_WARN_DEPRECATED_OBJC_IMPLEMENTATIONS = YES;
				CLANG_WARN_DIRECT_OBJC_ISA_USAGE = YES_ERROR;
				CLANG_WARN_DOCUMENTATION_COMMENTS = YES;
				CLANG_WARN_EMPTY_BODY = YES;
				CLANG_WARN_ENUM_CONVERSION = YES;
				CLANG_WARN_INFINITE_RECURSION = YES;
				CLANG_WARN_INT_CONVERSION = YES;
				CLANG_WARN_NON_LITERAL_NULL_CONVERSION = YES;
				CLANG_WARN_OBJC_IMPLICIT_RETAIN_SELF = YES;
				CLANG_WARN_OBJC_LITERAL_CONVERSION = YES;
				CLANG_WARN_OBJC_ROOT_CLASS = YES_ERROR;
				CLANG_WARN_QUOTED_INCLUDE_IN_FRAMEWORK_HEADER = YES;
				CLANG_WARN_RANGE_LOOP_ANALYSIS = YES;
				CLANG_WARN_STRICT_PROTOTYPES = YES;
				CLANG_WARN_SUSPICIOUS_MOVE = YES;
				CLANG_WARN_UNGUARDED_AVAILABILITY = YES_AGGRESSIVE;
				CLANG_WARN_UNREACHABLE_CODE = YES;
				CLANG_WARN__DUPLICATE_METHOD_MATCH = YES;
				COPY_PHASE_STRIP = NO;
				DEBUG_INFORMATION_FORMAT = dwarf;
				ENABLE_STRICT_OBJC_MSGSEND = YES;
				ENABLE_TESTABILITY = YES;
				ENABLE_USER_SCRIPT_SANDBOXING = YES;
				GCC_C_LANGUAGE_STANDARD = gnu17;
				GCC_DYNAMIC_NO_PIC = NO;
				GCC_NO_COMMON_BLOCKS = YES;
				GCC_OPTIMIZATION_LEVEL = 0;
				GCC_PREPROCESSOR_DEFINITIONS = (
					"DEBUG=1",
					"$(inherited)",
				);
				GCC_WARN_64_TO_32_BIT_CONVERSION = YES;
				GCC_WARN_ABOUT_RETURN_TYPE = YES_ERROR;
				GCC_WARN_UNDECLARED_SELECTOR = YES;
				GCC_WARN_UNINITIALIZED_AUTOS = YES_AGGRESSIVE;
				GCC_WARN_UNUSED_FUNCTION = YES;
				GCC_WARN_UNUSED_VARIABLE = YES;
				IPHONEOS_DEPLOYMENT_TARGET = 17.5;
				LOCALIZATION_PREFERS_STRING_CATALOGS = YES;
				MTL_ENABLE_DEBUG_INFO = INCLUDE_SOURCE;
				MTL_FAST_MATH = YES;
				ONLY_ACTIVE_ARCH = YES;
				SDKROOT = iphoneos;
				SWIFT_ACTIVE_COMPILATION_CONDITIONS = "DEBUG $(inherited)";
				SWIFT_OPTIMIZATION_LEVEL = "-Onone";
			};
			name = Debug;
		};
		A55C1BD02CC104A200F3F9C0 /* Release */ = {
			isa = XCBuildConfiguration;
			buildSettings = {
				ALWAYS_SEARCH_USER_PATHS = NO;
				ASSETCATALOG_COMPILER_GENERATE_SWIFT_ASSET_SYMBOL_EXTENSIONS = YES;
				CLANG_ANALYZER_NONNULL = YES;
				CLANG_ANALYZER_NUMBER_OBJECT_CONVERSION = YES_AGGRESSIVE;
				CLANG_CXX_LANGUAGE_STANDARD = "gnu++20";
				CLANG_ENABLE_MODULES = YES;
				CLANG_ENABLE_OBJC_ARC = YES;
				CLANG_ENABLE_OBJC_WEAK = YES;
				CLANG_WARN_BLOCK_CAPTURE_AUTORELEASING = YES;
				CLANG_WARN_BOOL_CONVERSION = YES;
				CLANG_WARN_COMMA = YES;
				CLANG_WARN_CONSTANT_CONVERSION = YES;
				CLANG_WARN_DEPRECATED_OBJC_IMPLEMENTATIONS = YES;
				CLANG_WARN_DIRECT_OBJC_ISA_USAGE = YES_ERROR;
				CLANG_WARN_DOCUMENTATION_COMMENTS = YES;
				CLANG_WARN_EMPTY_BODY = YES;
				CLANG_WARN_ENUM_CONVERSION = YES;
				CLANG_WARN_INFINITE_RECURSION = YES;
				CLANG_WARN_INT_CONVERSION = YES;
				CLANG_WARN_NON_LITERAL_NULL_CONVERSION = YES;
				CLANG_WARN_OBJC_IMPLICIT_RETAIN_SELF = YES;
				CLANG_WARN_OBJC_LITERAL_CONVERSION = YES;
				CLANG_WARN_OBJC_ROOT_CLASS = YES_ERROR;
				CLANG_WARN_QUOTED_INCLUDE_IN_FRAMEWORK_HEADER = YES;
				CLANG_WARN_RANGE_LOOP_ANALYSIS = YES;
				CLANG_WARN_STRICT_PROTOTYPES = YES;
				CLANG_WARN_SUSPICIOUS_MOVE = YES;
				CLANG_WARN_UNGUARDED_AVAILABILITY = YES_AGGRESSIVE;
				CLANG_WARN_UNREACHABLE_CODE = YES;
				CLANG_WARN__DUPLICATE_METHOD_MATCH = YES;
				COPY_PHASE_STRIP = NO;
				DEBUG_INFORMATION_FORMAT = "dwarf-with-dsym";
				ENABLE_NS_ASSERTIONS = NO;
				ENABLE_STRICT_OBJC_MSGSEND = YES;
				ENABLE_USER_SCRIPT_SANDBOXING = YES;
				GCC_C_LANGUAGE_STANDARD = gnu17;
				GCC_NO_COMMON_BLOCKS = YES;
				GCC_WARN_64_TO_32_BIT_CONVERSION = YES;
				GCC_WARN_ABOUT_RETURN_TYPE = YES_ERROR;
				GCC_WARN_UNDECLARED_SELECTOR = YES;
				GCC_WARN_UNINITIALIZED_AUTOS = YES_AGGRESSIVE;
				GCC_WARN_UNUSED_FUNCTION = YES;
				GCC_WARN_UNUSED_VARIABLE = YES;
				IPHONEOS_DEPLOYMENT_TARGET = 17.5;
				LOCALIZATION_PREFERS_STRING_CATALOGS = YES;
				MTL_ENABLE_DEBUG_INFO = NO;
				MTL_FAST_MATH = YES;
				SDKROOT = iphoneos;
				SWIFT_COMPILATION_MODE = wholemodule;
				VALIDATE_PRODUCT = YES;
			};
			name = Release;
		};
		A55C1BD22CC104A200F3F9C0 /* Debug */ = {
			isa = XCBuildConfiguration;
			buildSettings = {
				ASSETCATALOG_COMPILER_APPICON_NAME = AppIcon;
				ASSETCATALOG_COMPILER_GLOBAL_ACCENT_COLOR_NAME = AccentColor;
				CODE_SIGN_IDENTITY = "Apple Development";
				CODE_SIGN_STYLE = Automatic;
				CURRENT_PROJECT_VERSION = 1;
				DEVELOPMENT_ASSET_PATHS = "\"TurboList/Preview Content\"";
				DEVELOPMENT_TEAM = 25ANLCX5P6;
				ENABLE_PREVIEWS = YES;
				GENERATE_INFOPLIST_FILE = YES;
				INFOPLIST_KEY_UIApplicationSceneManifest_Generation = YES;
				INFOPLIST_KEY_UIApplicationSupportsIndirectInputEvents = YES;
				INFOPLIST_KEY_UILaunchScreen_Generation = YES;
				INFOPLIST_KEY_UISupportedInterfaceOrientations_iPad = "UIInterfaceOrientationPortrait UIInterfaceOrientationPortraitUpsideDown UIInterfaceOrientationLandscapeLeft UIInterfaceOrientationLandscapeRight";
				INFOPLIST_KEY_UISupportedInterfaceOrientations_iPhone = "UIInterfaceOrientationPortrait UIInterfaceOrientationLandscapeLeft UIInterfaceOrientationLandscapeRight";
				IPHONEOS_DEPLOYMENT_TARGET = 17.4;
				LD_RUNPATH_SEARCH_PATHS = (
					"$(inherited)",
					"@executable_path/Frameworks",
				);
				MARKETING_VERSION = 1.0;
				PRODUCT_BUNDLE_IDENTIFIER = TurboList;
				PRODUCT_NAME = "$(TARGET_NAME)";
				PROVISIONING_PROFILE_SPECIFIER = "";
				SWIFT_EMIT_LOC_STRINGS = YES;
				SWIFT_VERSION = 5.0;
				TARGETED_DEVICE_FAMILY = 1;
			};
			name = Debug;
		};
		A55C1BD32CC104A200F3F9C0 /* Release */ = {
			isa = XCBuildConfiguration;
			buildSettings = {
				ASSETCATALOG_COMPILER_APPICON_NAME = AppIcon;
				ASSETCATALOG_COMPILER_GLOBAL_ACCENT_COLOR_NAME = AccentColor;
				CODE_SIGN_IDENTITY = "Apple Development";
				CODE_SIGN_STYLE = Automatic;
				CURRENT_PROJECT_VERSION = 1;
				DEVELOPMENT_ASSET_PATHS = "\"TurboList/Preview Content\"";
				DEVELOPMENT_TEAM = 25ANLCX5P6;
				ENABLE_PREVIEWS = YES;
				GENERATE_INFOPLIST_FILE = YES;
				INFOPLIST_KEY_UIApplicationSceneManifest_Generation = YES;
				INFOPLIST_KEY_UIApplicationSupportsIndirectInputEvents = YES;
				INFOPLIST_KEY_UILaunchScreen_Generation = YES;
				INFOPLIST_KEY_UISupportedInterfaceOrientations_iPad = "UIInterfaceOrientationPortrait UIInterfaceOrientationPortraitUpsideDown UIInterfaceOrientationLandscapeLeft UIInterfaceOrientationLandscapeRight";
				INFOPLIST_KEY_UISupportedInterfaceOrientations_iPhone = "UIInterfaceOrientationPortrait UIInterfaceOrientationLandscapeLeft UIInterfaceOrientationLandscapeRight";
				IPHONEOS_DEPLOYMENT_TARGET = 17.4;
				LD_RUNPATH_SEARCH_PATHS = (
					"$(inherited)",
					"@executable_path/Frameworks",
				);
				MARKETING_VERSION = 1.0;
				PRODUCT_BUNDLE_IDENTIFIER = TurboList;
				PRODUCT_NAME = "$(TARGET_NAME)";
				PROVISIONING_PROFILE_SPECIFIER = "";
				SWIFT_EMIT_LOC_STRINGS = YES;
				SWIFT_VERSION = 5.0;
				TARGETED_DEVICE_FAMILY = 1;
			};
			name = Release;
		};
/* End XCBuildConfiguration section */

/* Begin XCConfigurationList section */
		A55C1BBE2CC104A100F3F9C0 /* Build configuration list for PBXProject "TurboList" */ = {
			isa = XCConfigurationList;
			buildConfigurations = (
				A55C1BCF2CC104A200F3F9C0 /* Debug */,
				A55C1BD02CC104A200F3F9C0 /* Release */,
			);
			defaultConfigurationIsVisible = 0;
			defaultConfigurationName = Release;
		};
		A55C1BD12CC104A200F3F9C0 /* Build configuration list for PBXNativeTarget "TurboList" */ = {
			isa = XCConfigurationList;
			buildConfigurations = (
				A55C1BD22CC104A200F3F9C0 /* Debug */,
				A55C1BD32CC104A200F3F9C0 /* Release */,
			);
			defaultConfigurationIsVisible = 0;
			defaultConfigurationName = Release;
		};
/* End XCConfigurationList section */

/* Begin XCRemoteSwiftPackageReference section */
		5A8A56682CC6E07300DD1C5F /* XCRemoteSwiftPackageReference "SDWebImageSwiftUI" */ = {
			isa = XCRemoteSwiftPackageReference;
			repositoryURL = "https://github.com/SDWebImage/SDWebImageSwiftUI";
			requirement = {
				kind = upToNextMajorVersion;
				minimumVersion = 3.1.2;
			};
		};
/* End XCRemoteSwiftPackageReference section */

/* Begin XCSwiftPackageProductDependency section */
		5A8A56692CC6E07300DD1C5F /* SDWebImageSwiftUI */ = {
			isa = XCSwiftPackageProductDependency;
			package = 5A8A56682CC6E07300DD1C5F /* XCRemoteSwiftPackageReference "SDWebImageSwiftUI" */;
			productName = SDWebImageSwiftUI;
		};
/* End XCSwiftPackageProductDependency section */
	};
	rootObject = A55C1BBB2CC104A100F3F9C0 /* Project object */;
}
